{
  "version": "5",
  "specifiers": {
    "npm:@supabase/supabase-js@2": "2.87.1",
    "npm:@types/node@*": "22.19.2",
    "npm:resend@6": "6.6.0"
  },
  "npm": {
    "@stablelib/base64@1.0.1": {
      "integrity": "sha512-1bnPQqSxSuc3Ii6MhBysoWCg58j97aUjuCSZrGSmDxNqtytIi0k8utUenAwTZN4V5mXXYGsVUI9zeBqy+jBOSQ=="
    },
    "@supabase/auth-js@2.87.1": {
      "integrity": "sha512-6RDeOf5TVoaXFtEstN188ykp3pXLZaU9qoAWfx8dc50FFAAqt+kcFJ96V0IvSmcpb4mDAWcpTJ7BegmVDn/WIw==",
      "dependencies": [
        "tslib"
      ]
    },
    "@supabase/functions-js@2.87.1": {
      "integrity": "sha512-rWmYo4gRD0XAjMhYDlz7IH67bp4TIQ1UE4VqwIQtl1gGPwtLDq6wcRnu7jLKlXx0Gtrknw/eoiHYG9//XrCTzQ==",
      "dependencies": [
        "tslib"
      ]
    },
    "@supabase/postgrest-js@2.87.1": {
      "integrity": "sha512-Yzu5eL3iGmZW0C/8x+vEojAOou63FI9oVw8HI8YOq63+5yM8g8aGh7Y1E2vbXFb7+gHGsPqLnaC6dPhrYt7qBA==",
      "dependencies": [
        "tslib"
      ]
    },
    "@supabase/realtime-js@2.87.1": {
      "integrity": "sha512-XvLtEznxmYZXA7LYuy5zbSXpSYjDLJq2wQeRh3MzON2OR4U8Kq+RtPz2E2Wi8HEzvBfsc+nNu1TG8LQ9+3DRkA==",
      "dependencies": [
        "@types/phoenix",
        "@types/ws",
        "tslib",
        "ws"
      ]
    },
    "@supabase/storage-js@2.87.1": {
      "integrity": "sha512-0Uc8tNV4yzkNNmp1inpXru0RB4a7ECq05G2S6BDvSpMxTxJrDVJ4vVDwyhqB8ZZ+O9+8prHaQYoByQeuDnwpFQ==",
      "dependencies": [
        "iceberg-js",
        "tslib"
      ]
    },
    "@supabase/supabase-js@2.87.1": {
      "integrity": "sha512-tVgqZqnHZVum584KuUKSQZgcy6ZkhVd6gG8QWg2QfIXH9HmXdamauxdVsLXwaNPJxEdOyfAfwIyi5XUsiVYWtg==",
      "dependencies": [
        "@supabase/auth-js",
        "@supabase/functions-js",
        "@supabase/postgrest-js",
        "@supabase/realtime-js",
        "@supabase/storage-js"
      ]
    },
    "@types/node@22.19.2": {
      "integrity": "sha512-LPM2G3Syo1GLzXLGJAKdqoU35XvrWzGJ21/7sgZTUpbkBaOasTj8tjwn6w+hCkqaa1TfJ/w67rJSwYItlJ2mYw==",
      "dependencies": [
        "undici-types"
      ]
    },
    "@types/phoenix@1.6.7": {
      "integrity": "sha512-oN9ive//QSBkf19rfDv45M7eZPi0eEXylht2OLEXicu5b4KoQ1OzXIw+xDSGWxSxe1JmepRR/ZH283vsu518/Q=="
    },
    "@types/ws@8.18.1": {
      "integrity": "sha512-ThVF6DCVhA8kUGy+aazFQ4kXQ7E1Ty7A3ypFOe0IcJV8O/M511G99AW24irKrW56Wt44yG9+ij8FaqoBGkuBXg==",
      "dependencies": [
        "@types/node"
      ]
    },
    "es6-promise@4.2.8": {
      "integrity": "sha512-HJDGx5daxeIvxdBxvG2cb9g4tEvwIk3i8+nhX0yGrYmZUzbkdg8QbDevheDB8gd0//uPj4c1EQua8Q+MViT0/w=="
    },
    "fast-sha256@1.3.0": {
      "integrity": "sha512-n11RGP/lrWEFI/bWdygLxhI+pVeo1ZYIVwvvPkW7azl/rOy+F3HYRZ2K5zeE9mmkhQppyv9sQFx0JM9UabnpPQ=="
    },
    "iceberg-js@0.8.1": {
      "integrity": "sha512-1dhVQZXhcHje7798IVM+xoo/1ZdVfzOMIc8/rgVSijRK38EDqOJoGula9N/8ZI5RD8QTxNQtK/Gozpr+qUqRRA=="
    },
    "querystringify@2.2.0": {
      "integrity": "sha512-FIqgj2EUvTa7R50u0rGsyTftzjYmv/a3hO345bZNrqabNqjtgiDMgmo4mkUjd+nzU5oF3dClKqFIPUKybUyqoQ=="
    },
    "requires-port@1.0.0": {
      "integrity": "sha512-KigOCHcocU3XODJxsu8i/j8T9tzT4adHiecwORRQ0ZZFcp7ahwXuRU1m+yuO90C5ZUyGeGfocHDI14M3L3yDAQ=="
    },
    "resend@6.6.0": {
      "integrity": "sha512-d1WoOqSxj5x76JtQMrieNAG1kZkh4NU4f+Je1yq4++JsDpLddhEwnJlNfvkCzvUuZy9ZquWmMMAm2mENd2JvRw==",
      "dependencies": [
        "svix"
      ]
    },
    "svix@1.76.1": {
      "integrity": "sha512-CRuDWBTgYfDnBLRaZdKp9VuoPcNUq9An14c/k+4YJ15Qc5Grvf66vp0jvTltd4t7OIRj+8lM1DAgvSgvf7hdLw==",
      "dependencies": [
        "@stablelib/base64",
        "@types/node",
        "es6-promise",
        "fast-sha256",
        "url-parse",
        "uuid"
      ]
    },
    "tslib@2.8.1": {
      "integrity": "sha512-oJFu94HQb+KVduSUQL7wnpmqnfmLsOA/nAh6b6EH0wCEoK0/mPeXU6c3wKDV83MkOuHPRHtSXKKU99IBazS/2w=="
    },
    "undici-types@6.21.0": {
      "integrity": "sha512-iwDZqg0QAGrg9Rav5H4n0M64c3mkR59cJ6wQp+7C4nI0gsmExaedaYLNO44eT4AtBBwjbTiGPMlt2Md0T9H9JQ=="
    },
    "url-parse@1.5.10": {
      "integrity": "sha512-WypcfiRhfeUP9vvF0j6rw0J3hrWrw6iZv3+22h6iRMJ/8z1Tj6XfLP4DsUix5MhMPnXpiHDoKyoZ/bdCkwBCiQ==",
      "dependencies": [
        "querystringify",
        "requires-port"
      ]
    },
    "uuid@10.0.0": {
      "integrity": "sha512-8XkAphELsDnEGrDxUOHB3RGvXz6TeuYSGEZBOjtTtPm2lwhGBjLgOzLHB63IUWfBpNucQjND6d3AOudO+H3RWQ==",
      "bin": true
    },
    "ws@8.18.3": {
      "integrity": "sha512-PEIGCY5tSlUt50cqyMXfCzX+oOPqN0vuGqWzbcJ2xvnkzkq46oOpz7dQaTDBdfICb4N14+GARUDw2XV2N4tvzg=="
    }
  },
  "remote": {
    "https://deno.land/std@0.203.0/async/delay.ts": "a6142eb44cdd856b645086af2b811b1fcce08ec06bb7d50969e6a872ee9b8659",
    "https://deno.land/std@0.203.0/http/server.ts": "1b2403b3c544c0624ad23e8ca4e05877e65380d9e0d75d04957432d65c3d5f41"
  },
  "workspace": {
    "dependencies": [
      "npm:@supabase/supabase-js@2",
      "npm:@types/node@*",
      "npm:resend@6"
    ]
  }
}
